// !$*UTF8*$!
{
	archiveVersion = 1;
	classes = {
	};
	objectVersion = 46;
	objects = {

/* Begin PBXBuildFile section */
		2189A0CB1DFB760A00A0814B /* AppDelegate.swift in Sources */ = {isa = PBXBuildFile; fileRef = 2189A0CA1DFB760A00A0814B /* AppDelegate.swift */; };
		2189A0D01DFB760A00A0814B /* Main.storyboard in Resources */ = {isa = PBXBuildFile; fileRef = 2189A0CE1DFB760A00A0814B /* Main.storyboard */; };
		2189A0D21DFB760A00A0814B /* Assets.xcassets in Resources */ = {isa = PBXBuildFile; fileRef = 2189A0D11DFB760A00A0814B /* Assets.xcassets */; };
		2189A0D51DFB760A00A0814B /* LaunchScreen.storyboard in Resources */ = {isa = PBXBuildFile; fileRef = 2189A0D31DFB760A00A0814B /* LaunchScreen.storyboard */; };
		2189A0DD1DFB7A5D00A0814B /* ConversionViewController.swift in Sources */ = {isa = PBXBuildFile; fileRef = 2189A0DC1DFB7A5D00A0814B /* ConversionViewController.swift */; };
		2189A0E01DFD236C00A0814B /* MapKit.framework in Frameworks */ = {isa = PBXBuildFile; fileRef = 2189A0DF1DFD236C00A0814B /* MapKit.framework */; };
		2189A0E21DFD2EB700A0814B /* MapViewController.swift in Sources */ = {isa = PBXBuildFile; fileRef = 2189A0E11DFD2EB700A0814B /* MapViewController.swift */; };
/* End PBXBuildFile section */

/* Begin PBXFileReference section */
		2189A0C71DFB760A00A0814B /* WorldTrotter.app */ = {isa = PBXFileReference; explicitFileType = wrapper.application; includeInIndex = 0; path = WorldTrotter.app; sourceTree = BUILT_PRODUCTS_DIR; };
		2189A0CA1DFB760A00A0814B /* AppDelegate.swift */ = {isa = PBXFileReference; lastKnownFileType = sourcecode.swift; path = AppDelegate.swift; sourceTree = "<group>"; };
		2189A0CF1DFB760A00A0814B /* Base */ = {isa = PBXFileReference; lastKnownFileType = file.storyboard; name = Base; path = Base.lproj/Main.storyboard; sourceTree = "<group>"; };
		2189A0D11DFB760A00A0814B /* Assets.xcassets */ = {isa = PBXFileReference; lastKnownFileType = folder.assetcatalog; path = Assets.xcassets; sourceTree = "<group>"; };
		2189A0D41DFB760A00A0814B /* Base */ = {isa = PBXFileReference; lastKnownFileType = file.storyboard; name = Base; path = Base.lproj/LaunchScreen.storyboard; sourceTree = "<group>"; };
		2189A0D61DFB760A00A0814B /* Info.plist */ = {isa = PBXFileReference; lastKnownFileType = text.plist.xml; path = Info.plist; sourceTree = "<group>"; };
		2189A0DC1DFB7A5D00A0814B /* ConversionViewController.swift */ = {isa = PBXFileReference; fileEncoding = 4; lastKnownFileType = sourcecode.swift; path = ConversionViewController.swift; sourceTree = "<group>"; };
		2189A0DF1DFD236C00A0814B /* MapKit.framework */ = {isa = PBXFileReference; lastKnownFileType = wrapper.framework; name = MapKit.framework; path = System/Library/Frameworks/MapKit.framework; sourceTree = SDKROOT; };
		2189A0E11DFD2EB700A0814B /* MapViewController.swift */ = {isa = PBXFileReference; fileEncoding = 4; lastKnownFileType = sourcecode.swift; path = MapViewController.swift; sourceTree = "<group>"; };
/* End PBXFileReference section */

/* Begin PBXFrameworksBuildPhase section */
		2189A0C41DFB760A00A0814B /* Frameworks */ = {
			isa = PBXFrameworksBuildPhase;
			buildActionMask = 2147483647;
			files = (
				2189A0E01DFD236C00A0814B /* MapKit.framework in Frameworks */,
			);
			runOnlyForDeploymentPostprocessing = 0;
		};
/* End PBXFrameworksBuildPhase section */

/* Begin PBXGroup section */
		2189A0BE1DFB760A00A0814B = {
			isa = PBXGroup;
			children = (
				2189A0C91DFB760A00A0814B /* WorldTrotter */,
				2189A0C81DFB760A00A0814B /* Products */,
				2189A0DE1DFD236C00A0814B /* Frameworks */,
			);
			sourceTree = "<group>";
		};
		2189A0C81DFB760A00A0814B /* Products */ = {
			isa = PBXGroup;
			children = (
				2189A0C71DFB760A00A0814B /* WorldTrotter.app */,
			);
			name = Products;
			sourceTree = "<group>";
		};
		2189A0C91DFB760A00A0814B /* WorldTrotter */ = {
			isa = PBXGroup;
			children = (
				2189A0CA1DFB760A00A0814B /* AppDelegate.swift */,
				2189A0CE1DFB760A00A0814B /* Main.storyboard */,
				2189A0E11DFD2EB700A0814B /* MapViewController.swift */,
				2189A0DC1DFB7A5D00A0814B /* ConversionViewController.swift */,
				2189A0D11DFB760A00A0814B /* Assets.xcassets */,
				2189A0D31DFB760A00A0814B /* LaunchScreen.storyboard */,
				2189A0D61DFB760A00A0814B /* Info.plist */,
			);
			path = WorldTrotter;
			sourceTree = "<group>";
		};
		2189A0DE1DFD236C00A0814B /* Frameworks */ = {
			isa = PBXGroup;
			children = (
				2189A0DF1DFD236C00A0814B /* MapKit.framework */,
			);
			name = Frameworks;
			sourceTree = "<group>";
		};
/* End PBXGroup section */

/* Begin PBXNativeTarget section */
		2189A0C61DFB760A00A0814B /* WorldTrotter */ = {
			isa = PBXNativeTarget;
			buildConfigurationList = 2189A0D91DFB760A00A0814B /* Build configuration list for PBXNativeTarget "WorldTrotter" */;
			buildPhases = (
				2189A0C31DFB760A00A0814B /* Sources */,
				2189A0C41DFB760A00A0814B /* Frameworks */,
				2189A0C51DFB760A00A0814B /* Resources */,
			);
			buildRules = (
			);
			dependencies = (
			);
			name = WorldTrotter;
			productName = WorldTrotter;
			productReference = 2189A0C71DFB760A00A0814B /* WorldTrotter.app */;
			productType = "com.apple.product-type.application";
		};
/* End PBXNativeTarget section */

/* Begin PBXProject section */
		2189A0BF1DFB760A00A0814B /* Project object */ = {
			isa = PBXProject;
			attributes = {
				LastSwiftUpdateCheck = 0810;
				LastUpgradeCheck = 0810;
				ORGANIZATIONNAME = com.sym;
				TargetAttributes = {
					2189A0C61DFB760A00A0814B = {
						CreatedOnToolsVersion = 8.1;
						ProvisioningStyle = Automatic;
					};
				};
			};
			buildConfigurationList = 2189A0C21DFB760A00A0814B /* Build configuration list for PBXProject "WorldTrotter" */;
			compatibilityVersion = "Xcode 3.2";
			developmentRegion = English;
			hasScannedForEncodings = 0;
			knownRegions = (
				en,
				Base,
			);
			mainGroup = 2189A0BE1DFB760A00A0814B;
			productRefGroup = 2189A0C81DFB760A00A0814B /* Products */;
			projectDirPath = "";
			projectRoot = "";
			targets = (
				2189A0C61DFB760A00A0814B /* WorldTrotter */,
			);
		};
/* End PBXProject section */

/* Begin PBXResourcesBuildPhase section */
		2189A0C51DFB760A00A0814B /* Resources */ = {
			isa = PBXResourcesBuildPhase;
			buildActionMask = 2147483647;
			files = (
				2189A0D51DFB760A00A0814B /* LaunchScreen.storyboard in Resources */,
				2189A0D21DFB760A00A0814B /* Assets.xcassets in Resources */,
				2189A0D01DFB760A00A0814B /* Main.storyboard in Resources */,
			);
			runOnlyForDeploymentPostprocessing = 0;
		};
/* End PBXResourcesBuildPhase section */

/* Begin PBXSourcesBuildPhase section */
		2189A0C31DFB760A00A0814B /* Sources */ = {
			isa = PBXSourcesBuildPhase;
			buildActionMask = 2147483647;
			files = (
				2189A0DD1DFB7A5D00A0814B /* ConversionViewController.swift in Sources */,
				2189A0E21DFD2EB700A0814B /* MapViewController.swift in Sources */,
				2189A0CB1DFB760A00A0814B /* AppDelegate.swift in Sources */,
			);
			runOnlyForDeploymentPostprocessing = 0;
		};
/* End PBXSourcesBuildPhase section */

/* Begin PBXVariantGroup section */
		2189A0CE1DFB760A00A0814B /* Main.storyboard */ = {
			isa = PBXVariantGroup;
			children = (
				2189A0CF1DFB760A00A0814B /* Base */,
			);
			name = Main.storyboard;
			sourceTree = "<group>";
		};
		2189A0D31DFB760A00A0814B /* LaunchScreen.storyboard */ = {
			isa = PBXVariantGroup;
			children = (
				2189A0D41DFB760A00A0814B /* Base */,
			);
			name = LaunchScreen.storyboard;
			sourceTree = "<group>";
		};
/* End PBXVariantGroup section */

/* Begin XCBuildConfiguration section */
		2189A0D71DFB760A00A0814B /* Debug */ = {
			isa = XCBuildConfiguration;
			buildSettings = {
				ALWAYS_SEARCH_USER_PATHS = NO;
				CLANG_ANALYZER_NONNULL = YES;
				CLANG_CXX_LANGUAGE_STANDARD = "gnu++0x";
				CLANG_CXX_LIBRARY = "libc++";
				CLANG_ENABLE_MODULES = YES;
				CLANG_ENABLE_OBJC_ARC = YES;
				CLANG_WARN_BOOL_CONVERSION = YES;
				CLANG_WARN_CONSTANT_CONVERSION = YES;
				CLANG_WARN_DIRECT_OBJC_ISA_USAGE = YES_ERROR;
				CLANG_WARN_DOCUMENTATION_COMMENTS = YES;
				CLANG_WARN_EMPTY_BODY = YES;
				CLANG_WARN_ENUM_CONVERSION = YES;
				CLANG_WARN_INFINITE_RECURSION = YES;
				CLANG_WARN_INT_CONVERSION = YES;
				CLANG_WARN_OBJC_ROOT_CLASS = YES_ERROR;
				CLANG_WARN_SUSPICIOUS_MOVES = YES;
				CLANG_WARN_UNREACHABLE_CODE = YES;
				CLANG_WARN__DUPLICATE_METHOD_MATCH = YES;
				"CODE_SIGN_IDENTITY[sdk=iphoneos*]" = "iPhone Developer";
				COPY_PHASE_STRIP = NO;
				DEBUG_INFORMATION_FORMAT = dwarf;
				ENABLE_STRICT_OBJC_MSGSEND = YES;
				ENABLE_TESTABILITY = YES;
				GCC_C_LANGUAGE_STANDARD = gnu99;
				GCC_DYNAMIC_NO_PIC = NO;
				GCC_NO_COMMON_BLOCKS = YES;
				GCC_OPTIMIZATION_LEVEL = 0;
				GCC_PREPROCESSOR_DEFINITIONS = (
					"DEBUG=1",
					"$(inherited)",
				);
				GCC_WARN_64_TO_32_BIT_CONVERSION = YES;
				GCC_WARN_ABOUT_RETURN_TYPE = YES_ERROR;
				GCC_WARN_UNDECLARED_SELECTOR = YES;
				GCC_WARN_UNINITIALIZED_AUTOS = YES_AGGRESSIVE;
				GCC_WARN_UNUSED_FUNCTION = YES;
				GCC_WARN_UNUSED_VARIABLE = YES;
				IPHONEOS_DEPLOYMENT_TARGET = 10.1;
				MTL_ENABLE_DEBUG_INFO = YES;
				ONLY_ACTIVE_ARCH = YES;
				SDKROOT = iphoneos;
				SWIFT_ACTIVE_COMPILATION_CONDITIONS = DEBUG;
				SWIFT_OPTIMIZATION_LEVEL = "-Onone";
			};
			name = Debug;
		};
		2189A0D81DFB760A00A0814B /* Release */ = {
			isa = XCBuildConfiguration;
			buildSettings = {
				ALWAYS_SEARCH_USER_PATHS = NO;
				CLANG_ANALYZER_NONNULL = YES;
				CLANG_CXX_LANGUAGE_STANDARD = "gnu++0x";
				CLANG_CXX_LIBRARY = "libc++";
				CLANG_ENABLE_MODULES = YES;
				CLANG_ENABLE_OBJC_ARC = YES;
				CLANG_WARN_BOOL_CONVERSION = YES;
				CLANG_WARN_CONSTANT_CONVERSION = YES;
				CLANG_WARN_DIRECT_OBJC_ISA_USAGE = YES_ERROR;
				CLANG_WARN_DOCUMENTATION_COMMENTS = YES;
				CLANG_WARN_EMPTY_BODY = YES;
				CLANG_WARN_ENUM_CONVERSION = YES;
				CLANG_WARN_INFINITE_RECURSION = YES;
				CLANG_WARN_INT_CONVERSION = YES;
				CLANG_WARN_OBJC_ROOT_CLASS = YES_ERROR;
				CLANG_WARN_SUSPICIOUS_MOVES = YES;
				CLANG_WARN_UNREACHABLE_CODE = YES;
				CLANG_WARN__DUPLICATE_METHOD_MATCH = YES;
				"CODE_SIGN_IDENTITY[sdk=iphoneos*]" = "iPhone Developer";
				COPY_PHASE_STRIP = NO;
				DEBUG_INFORMATION_FORMAT = "dwarf-with-dsym";
				ENABLE_NS_ASSERTIONS = NO;
				ENABLE_STRICT_OBJC_MSGSEND = YES;
				GCC_C_LANGUAGE_STANDARD = gnu99;
				GCC_NO_COMMON_BLOCKS = YES;
				GCC_WARN_64_TO_32_BIT_CONVERSION = YES;
				GCC_WARN_ABOUT_RETURN_TYPE = YES_ERROR;
				GCC_WARN_UNDECLARED_SELECTOR = YES;
				GCC_WARN_UNINITIALIZED_AUTOS = YES_AGGRESSIVE;
				GCC_WARN_UNUSED_FUNCTION = YES;
				GCC_WARN_UNUSED_VARIABLE = YES;
				IPHONEOS_DEPLOYMENT_TARGET = 10.1;
				MTL_ENABLE_DEBUG_INFO = NO;
				SDKROOT = iphoneos;
				SWIFT_OPTIMIZATION_LEVEL = "-Owholemodule";
				VALIDATE_PRODUCT = YES;
			};
			name = Release;
		};
		2189A0DA1DFB760A00A0814B /* Debug */ = {
			isa = XCBuildConfiguration;
			buildSettings = {
				ASSETCATALOG_COMPILER_APPICON_NAME = AppIcon;
				INFOPLIST_FILE = WorldTrotter/Info.plist;
				LD_RUNPATH_SEARCH_PATHS = "$(inherited) @executable_path/Frameworks";
				PRODUCT_BUNDLE_IDENTIFIER = com.sym.WorldTrotter;
				PRODUCT_NAME = "$(TARGET_NAME)";
				SWIFT_VERSION = 3.0;
			};
			name = Debug;
		};
		2189A0DB1DFB760A00A0814B /* Release */ = {
			isa = XCBuildConfiguration;
			buildSettings = {
				ASSETCATALOG_COMPILER_APPICON_NAME = AppIcon;
				INFOPLIST_FILE = WorldTrotter/Info.plist;
				LD_RUNPATH_SEARCH_PATHS = "$(inherited) @executable_path/Frameworks";
				PRODUCT_BUNDLE_IDENTIFIER = com.sym.WorldTrotter;
				PRODUCT_NAME = "$(TARGET_NAME)";
				SWIFT_VERSION = 3.0;
			};
			name = Release;
		};
/* End XCBuildConfiguration section */

/* Begin XCConfigurationList section */
		2189A0C21DFB760A00A0814B /* Build configuration list for PBXProject "WorldTrotter" */ = {
			isa = XCConfigurationList;
			buildConfigurations = (
				2189A0D71DFB760A00A0814B /* Debug */,
				2189A0D81DFB760A00A0814B /* Release */,
			);
			defaultConfigurationIsVisible = 0;
			defaultConfigurationName = Release;
		};
		2189A0D91DFB760A00A0814B /* Build configuration list for PBXNativeTarget "WorldTrotter" */ = {
			isa = XCConfigurationList;
			buildConfigurations = (
				2189A0DA1DFB760A00A0814B /* Debug */,
				2189A0DB1DFB760A00A0814B /* Release */,
			);
			defaultConfigurationIsVisible = 0;
			defaultConfigurationName = Release;
		};
/* End XCConfigurationList section */
	};
	rootObject = 2189A0BF1DFB760A00A0814B /* Project object */;
}
